
Microsoft Visual Studio Solution File, Format Version 12.00
# Visual Studio Version 17
VisualStudioVersion = 17.2.32616.157
MinimumVisualStudioVersion = 10.0.40219.1
Project("{9A19103F-16F7-4668-BE54-9A1E7A4F7556}") = "CreditCardAPI", "CreditCardAPI\CreditCardAPI.csproj", "{961CEAC5-25B4-46F5-849B-C1AC15B2F76A}"
EndProject
Project("{FAE04EC0-301F-11D3-BF4B-00C04F79EFBC}") = "CreditCardAPI.Tests", "CreditCardAPI.Tests\CreditCardAPI.Tests.csproj", "{01EED19E-EEA7-4576-A02F-BCF0DF377726}"
EndProject
Project("{FAE04EC0-301F-11D3-BF4B-00C04F79EFBC}") = "CreditCardAPI.Data", "CreditCardAPI.Data\CreditCardAPI.Data.csproj", "{39ECDCEF-1D8C-41FA-B6EB-EC8B7B1016D2}"
EndProject
Global
	GlobalSection(SolutionConfigurationPlatforms) = preSolution
		Debug|Any CPU = Debug|Any CPU
		Release|Any CPU = Release|Any CPU
	EndGlobalSection
	GlobalSection(ProjectConfigurationPlatforms) = postSolution
		{961CEAC5-25B4-46F5-849B-C1AC15B2F76A}.Debug|Any CPU.ActiveCfg = Debug|Any CPU
		{961CEAC5-25B4-46F5-849B-C1AC15B2F76A}.Debug|Any CPU.Build.0 = Debug|Any CPU
		{961CEAC5-25B4-46F5-849B-C1AC15B2F76A}.Release|Any CPU.ActiveCfg = Release|Any CPU
		{961CEAC5-25B4-46F5-849B-C1AC15B2F76A}.Release|Any CPU.Build.0 = Release|Any CPU
		{01EED19E-EEA7-4576-A02F-BCF0DF377726}.Debug|Any CPU.ActiveCfg = Debug|Any CPU
		{01EED19E-EEA7-4576-A02F-BCF0DF377726}.Debug|Any CPU.Build.0 = Debug|Any CPU
		{01EED19E-EEA7-4576-A02F-BCF0DF377726}.Release|Any CPU.ActiveCfg = Release|Any CPU
		{01EED19E-EEA7-4576-A02F-BCF0DF377726}.Release|Any CPU.Build.0 = Release|Any CPU
		{39ECDCEF-1D8C-41FA-B6EB-EC8B7B1016D2}.Debug|Any CPU.ActiveCfg = Debug|Any CPU
		{39ECDCEF-1D8C-41FA-B6EB-EC8B7B1016D2}.Debug|Any CPU.Build.0 = Debug|Any CPU
		{39ECDCEF-1D8C-41FA-B6EB-EC8B7B1016D2}.Release|Any CPU.ActiveCfg = Release|Any CPU
		{39ECDCEF-1D8C-41FA-B6EB-EC8B7B1016D2}.Release|Any CPU.Build.0 = Release|Any CPU
	EndGlobalSection
	GlobalSection(SolutionProperties) = preSolution
		HideSolutionNode = FALSE
	EndGlobalSection
	GlobalSection(ExtensibilityGlobals) = postSolution
		SolutionGuid = {2C1D8C83-D137-4F3A-927D-E2AE26366ADA}
	EndGlobalSection
EndGlobal
